
Microsoft Visual Studio Solution File, Format Version 12.00
# Visual Studio Version 17
VisualStudioVersion = 17.14.36429.23 d17.14
MinimumVisualStudioVersion = 10.0.40219.1
Project("{FAE04EC0-301F-11D3-BF4B-00C04F79EFBC}") = "Tyuiu.VitovskayaAN.Sprint7.Project.V7", "Tyuiu.VitovskayaAN.Sprint7.Project.V7\Tyuiu.VitovskayaAN.Sprint7.Project.V7.csproj", "{5A74588E-6081-4E07-B2C5-7A01C9BE58EA}"
EndProject
Project("{FAE04EC0-301F-11D3-BF4B-00C04F79EFBC}") = "Tyuiu.VitovskayaAN.Sprint7.Project.V7.Lib", "Tyuiu.VitovskayaAN.Sprint7.Project.V7.Lib\Tyuiu.VitovskayaAN.Sprint7.Project.V7.Lib.csproj", "{D497277C-0D02-476D-95DB-D2EE558CEC31}"
EndProject
Project("{FAE04EC0-301F-11D3-BF4B-00C04F79EFBC}") = "Tyuiu.VitovskayaAN.Sprint7.Project.V7.Test", "Tyuiu.VitovskayaAN.Sprint7.Project.V7.Test\Tyuiu.VitovskayaAN.Sprint7.Project.V7.Test.csproj", "{50AD1E15-D46E-4281-85BF-D7FB093EC458}"
EndProject
Global
	GlobalSection(SolutionConfigurationPlatforms) = preSolution
		Debug|Any CPU = Debug|Any CPU
		Release|Any CPU = Release|Any CPU
	EndGlobalSection
	GlobalSection(ProjectConfigurationPlatforms) = postSolution
		{5A74588E-6081-4E07-B2C5-7A01C9BE58EA}.Debug|Any CPU.ActiveCfg = Debug|Any CPU
		{5A74588E-6081-4E07-B2C5-7A01C9BE58EA}.Debug|Any CPU.Build.0 = Debug|Any CPU
		{5A74588E-6081-4E07-B2C5-7A01C9BE58EA}.Release|Any CPU.ActiveCfg = Release|Any CPU
		{5A74588E-6081-4E07-B2C5-7A01C9BE58EA}.Release|Any CPU.Build.0 = Release|Any CPU
		{D497277C-0D02-476D-95DB-D2EE558CEC31}.Debug|Any CPU.ActiveCfg = Debug|Any CPU
		{D497277C-0D02-476D-95DB-D2EE558CEC31}.Debug|Any CPU.Build.0 = Debug|Any CPU
		{D497277C-0D02-476D-95DB-D2EE558CEC31}.Release|Any CPU.ActiveCfg = Release|Any CPU
		{D497277C-0D02-476D-95DB-D2EE558CEC31}.Release|Any CPU.Build.0 = Release|Any CPU
		{50AD1E15-D46E-4281-85BF-D7FB093EC458}.Debug|Any CPU.ActiveCfg = Debug|Any CPU
		{50AD1E15-D46E-4281-85BF-D7FB093EC458}.Debug|Any CPU.Build.0 = Debug|Any CPU
		{50AD1E15-D46E-4281-85BF-D7FB093EC458}.Release|Any CPU.ActiveCfg = Release|Any CPU
		{50AD1E15-D46E-4281-85BF-D7FB093EC458}.Release|Any CPU.Build.0 = Release|Any CPU
	EndGlobalSection
	GlobalSection(SolutionProperties) = preSolution
		HideSolutionNode = FALSE
	EndGlobalSection
	GlobalSection(ExtensibilityGlobals) = postSolution
		SolutionGuid = {20BB42D5-54F2-4717-A8C7-E993EE288355}
	EndGlobalSection
EndGlobal
